
Microsoft Visual Studio Solution File, Format Version 12.00
# Visual Studio Version 17
VisualStudioVersion = 17.0.31903.59
MinimumVisualStudioVersion = 10.0.40219.1
Project("{2150E333-8FDC-42A3-9474-1A3956D46DE8}") = "src", "src", "{827E0CD3-B72D-47B6-A68D-7590B98EB39B}"
EndProject
Project("{2150E333-8FDC-42A3-9474-1A3956D46DE8}") = "Gateway", "Gateway", "{6306A8FB-679E-111F-6585-8F70E0EE6013}"
EndProject
Project("{FAE04EC0-301F-11D3-BF4B-00C04F79EFBC}") = "Korp.Gateway.Api", "src\Gateway\Korp.Gateway.Api\Korp.Gateway.Api.csproj", "{20A9F3BA-C3A9-441A-8A97-52FF31802587}"
EndProject
Project("{2150E333-8FDC-42A3-9474-1A3956D46DE8}") = "Shared", "Shared", "{C8E42992-5E42-0C2B-DBFE-AA848D06431C}"
EndProject
Project("{FAE04EC0-301F-11D3-BF4B-00C04F79EFBC}") = "Korp.Shared.Contracts", "src\Shared\Korp.Shared.Contracts\Korp.Shared.Contracts.csproj", "{AD779225-4564-4035-A97B-D0794B6F6729}"
EndProject
Project("{2150E333-8FDC-42A3-9474-1A3956D46DE8}") = "Services", "Services", "{984BB9B3-3FA3-BE33-9484-CAC21695A33C}"
EndProject
Project("{2150E333-8FDC-42A3-9474-1A3956D46DE8}") = "Identity", "Identity", "{1BFC9479-12BF-35C3-06B8-42D89D95092B}"
EndProject
Project("{FAE04EC0-301F-11D3-BF4B-00C04F79EFBC}") = "Korp.Identity.Api", "src\Services\Identity\Korp.Identity.Api\Korp.Identity.Api.csproj", "{F7A87497-3932-4550-AE61-CC570B2F4EF0}"
EndProject
Project("{FAE04EC0-301F-11D3-BF4B-00C04F79EFBC}") = "Korp.Identity.Application", "src\Services\Identity\Korp.Identity.Application\Korp.Identity.Application.csproj", "{EAE1D7EB-4161-43AA-8DF0-AB76B0EA8C4B}"
EndProject
Project("{FAE04EC0-301F-11D3-BF4B-00C04F79EFBC}") = "Korp.Identity.Domain", "src\Services\Identity\Korp.Identity.Domain\Korp.Identity.Domain.csproj", "{60603659-4AD1-4F6E-9696-90445B03A34D}"
EndProject
Project("{FAE04EC0-301F-11D3-BF4B-00C04F79EFBC}") = "Korp.Identity.Infrastructure", "src\Services\Identity\Korp.Identity.Infrastructure\Korp.Identity.Infrastructure.csproj", "{01E9CA79-17B2-4305-A76C-F355ED44638E}"
EndProject
Project("{2150E333-8FDC-42A3-9474-1A3956D46DE8}") = "Inventory", "Inventory", "{CA15E31E-CB60-F235-5CDF-2E527A86A72C}"
EndProject
Project("{FAE04EC0-301F-11D3-BF4B-00C04F79EFBC}") = "Korp.Inventory.Api", "src\Services\Inventory\Korp.Inventory.Api\Korp.Inventory.Api.csproj", "{5B49D9CE-84F9-44B6-9D80-484117237752}"
EndProject
Project("{FAE04EC0-301F-11D3-BF4B-00C04F79EFBC}") = "Korp.Inventory.Application", "src\Services\Inventory\Korp.Inventory.Application\Korp.Inventory.Application.csproj", "{AF2F813F-4EA2-4261-B9EA-554B4D78D712}"
EndProject
Project("{FAE04EC0-301F-11D3-BF4B-00C04F79EFBC}") = "Korp.Inventory.Domain", "src\Services\Inventory\Korp.Inventory.Domain\Korp.Inventory.Domain.csproj", "{F48D56D8-57B0-4C16-AF5B-C6459E1143AE}"
EndProject
Project("{FAE04EC0-301F-11D3-BF4B-00C04F79EFBC}") = "Korp.Inventory.Infrastructure", "src\Services\Inventory\Korp.Inventory.Infrastructure\Korp.Inventory.Infrastructure.csproj", "{1C905736-A2B2-486E-9355-0FF57956313D}"
EndProject
Project("{2150E333-8FDC-42A3-9474-1A3956D46DE8}") = "Billing", "Billing", "{4C902802-2FC6-EF27-4074-A21717AF62F0}"
EndProject
Project("{FAE04EC0-301F-11D3-BF4B-00C04F79EFBC}") = "Korp.Billing.Api", "src\Services\Billing\Korp.Billing.Api\Korp.Billing.Api.csproj", "{69C5DDD7-869A-44A0-958B-1EACA9E35D67}"
EndProject
Project("{FAE04EC0-301F-11D3-BF4B-00C04F79EFBC}") = "Korp.Billing.Application", "src\Services\Billing\Korp.Billing.Application\Korp.Billing.Application.csproj", "{A9D2FC4B-143F-45F5-BB3F-336CFF7A6986}"
EndProject
Project("{FAE04EC0-301F-11D3-BF4B-00C04F79EFBC}") = "Korp.Billing.Domain", "src\Services\Billing\Korp.Billing.Domain\Korp.Billing.Domain.csproj", "{23578D7D-AA7A-4536-B030-69630EF9E8EC}"
EndProject
Project("{FAE04EC0-301F-11D3-BF4B-00C04F79EFBC}") = "Korp.Billing.Infrastructure", "src\Services\Billing\Korp.Billing.Infrastructure\Korp.Billing.Infrastructure.csproj", "{BB3C9E3E-13DD-4CBD-919E-2BE0B7413410}"
EndProject
Project("{2150E333-8FDC-42A3-9474-1A3956D46DE8}") = "tests", "tests", "{0AB3BF05-4346-4AA6-1389-037BE0695223}"
EndProject
Project("{2150E333-8FDC-42A3-9474-1A3956D46DE8}") = "Architecture", "Architecture", "{875CD587-DE2F-08EE-74FB-D6BE4E474EF3}"
EndProject
Project("{FAE04EC0-301F-11D3-BF4B-00C04F79EFBC}") = "Korp.ArchitectureTests", "tests\Architecture\Korp.ArchitectureTests\Korp.ArchitectureTests.csproj", "{5E4033AA-312A-4D69-94F0-1623E7ED8968}"
EndProject
Project("{2150E333-8FDC-42A3-9474-1A3956D46DE8}") = "Identity", "Identity", "{391CE2F5-AE47-7A9A-F474-4847BE99435E}"
EndProject
Project("{FAE04EC0-301F-11D3-BF4B-00C04F79EFBC}") = "Korp.Identity.UnitTests", "tests\Identity\Korp.Identity.UnitTests\Korp.Identity.UnitTests.csproj", "{62E9629E-49B8-4022-8F9C-B3D3875FF109}"
EndProject
Project("{FAE04EC0-301F-11D3-BF4B-00C04F79EFBC}") = "Korp.Identity.IntegrationTests", "tests\Identity\Korp.Identity.IntegrationTests\Korp.Identity.IntegrationTests.csproj", "{DF8CF8D1-2396-44E4-9E0C-9B42F08BA9C0}"
EndProject
Project("{2150E333-8FDC-42A3-9474-1A3956D46DE8}") = "Inventory", "Inventory", "{01DBE0A7-B8FA-09F1-6BF1-F187B4EB9912}"
EndProject
Project("{FAE04EC0-301F-11D3-BF4B-00C04F79EFBC}") = "Korp.Inventory.UnitTests", "tests\Inventory\Korp.Inventory.UnitTests\Korp.Inventory.UnitTests.csproj", "{8D811607-1EFD-4FCA-9DAE-BB66893AB029}"
EndProject
Project("{FAE04EC0-301F-11D3-BF4B-00C04F79EFBC}") = "Korp.Inventory.IntegrationTests", "tests\Inventory\Korp.Inventory.IntegrationTests\Korp.Inventory.IntegrationTests.csproj", "{96F5D532-D6D7-4062-BEBA-05582470938E}"
EndProject
Project("{2150E333-8FDC-42A3-9474-1A3956D46DE8}") = "Billing", "Billing", "{3AE726D9-9BD3-BEE8-46D1-20EC990AE058}"
EndProject
Project("{FAE04EC0-301F-11D3-BF4B-00C04F79EFBC}") = "Korp.Billing.UnitTests", "tests\Billing\Korp.Billing.UnitTests\Korp.Billing.UnitTests.csproj", "{95F4B7E5-C523-43F8-9AC3-D60924FE35F0}"
EndProject
Project("{FAE04EC0-301F-11D3-BF4B-00C04F79EFBC}") = "Korp.Billing.IntegrationTests", "tests\Billing\Korp.Billing.IntegrationTests\Korp.Billing.IntegrationTests.csproj", "{07F6CFAF-8567-4D17-A41B-CD71064F0FC8}"
EndProject
Project("{2150E333-8FDC-42A3-9474-1A3956D46DE8}") = "Gateway", "Gateway", "{3191EEA6-45BC-009D-9AD5-83F4A8B4D7F9}"
EndProject
Project("{FAE04EC0-301F-11D3-BF4B-00C04F79EFBC}") = "Korp.Gateway.IntegrationTests", "tests\Gateway\Korp.Gateway.IntegrationTests\Korp.Gateway.IntegrationTests.csproj", "{629E9AA4-4678-472B-9748-55344C8D508B}"
EndProject
Project("{2150E333-8FDC-42A3-9474-1A3956D46DE8}") = "Shared", "Shared", "{D0D6B8B0-AC35-B3FA-0B96-A9B0E4A3253E}"
EndProject
Project("{FAE04EC0-301F-11D3-BF4B-00C04F79EFBC}") = "Korp.Shared.Contracts.UnitTests", "tests\Shared\Korp.Shared.Contracts.UnitTests\Korp.Shared.Contracts.UnitTests.csproj", "{A0AA3497-AE87-404C-857B-FE358C723E11}"
EndProject
Global
	GlobalSection(SolutionConfigurationPlatforms) = preSolution
		Debug|Any CPU = Debug|Any CPU
		Debug|x64 = Debug|x64
		Debug|x86 = Debug|x86
		Release|Any CPU = Release|Any CPU
		Release|x64 = Release|x64
		Release|x86 = Release|x86
	EndGlobalSection
	GlobalSection(ProjectConfigurationPlatforms) = postSolution
		{20A9F3BA-C3A9-441A-8A97-52FF31802587}.Debug|Any CPU.ActiveCfg = Debug|Any CPU
		{20A9F3BA-C3A9-441A-8A97-52FF31802587}.Debug|Any CPU.Build.0 = Debug|Any CPU
		{20A9F3BA-C3A9-441A-8A97-52FF31802587}.Debug|x64.ActiveCfg = Debug|Any CPU
		{20A9F3BA-C3A9-441A-8A97-52FF31802587}.Debug|x64.Build.0 = Debug|Any CPU
		{20A9F3BA-C3A9-441A-8A97-52FF31802587}.Debug|x86.ActiveCfg = Debug|Any CPU
		{20A9F3BA-C3A9-441A-8A97-52FF31802587}.Debug|x86.Build.0 = Debug|Any CPU
		{20A9F3BA-C3A9-441A-8A97-52FF31802587}.Release|Any CPU.ActiveCfg = Release|Any CPU
		{20A9F3BA-C3A9-441A-8A97-52FF31802587}.Release|Any CPU.Build.0 = Release|Any CPU
		{20A9F3BA-C3A9-441A-8A97-52FF31802587}.Release|x64.ActiveCfg = Release|Any CPU
		{20A9F3BA-C3A9-441A-8A97-52FF31802587}.Release|x64.Build.0 = Release|Any CPU
		{20A9F3BA-C3A9-441A-8A97-52FF31802587}.Release|x86.ActiveCfg = Release|Any CPU
		{20A9F3BA-C3A9-441A-8A97-52FF31802587}.Release|x86.Build.0 = Release|Any CPU
		{AD779225-4564-4035-A97B-D0794B6F6729}.Debug|Any CPU.ActiveCfg = Debug|Any CPU
		{AD779225-4564-4035-A97B-D0794B6F6729}.Debug|Any CPU.Build.0 = Debug|Any CPU
		{AD779225-4564-4035-A97B-D0794B6F6729}.Debug|x64.ActiveCfg = Debug|Any CPU
		{AD779225-4564-4035-A97B-D0794B6F6729}.Debug|x64.Build.0 = Debug|Any CPU
		{AD779225-4564-4035-A97B-D0794B6F6729}.Debug|x86.ActiveCfg = Debug|Any CPU
		{AD779225-4564-4035-A97B-D0794B6F6729}.Debug|x86.Build.0 = Debug|Any CPU
		{AD779225-4564-4035-A97B-D0794B6F6729}.Release|Any CPU.ActiveCfg = Release|Any CPU
		{AD779225-4564-4035-A97B-D0794B6F6729}.Release|Any CPU.Build.0 = Release|Any CPU
		{AD779225-4564-4035-A97B-D0794B6F6729}.Release|x64.ActiveCfg = Release|Any CPU
		{AD779225-4564-4035-A97B-D0794B6F6729}.Release|x64.Build.0 = Release|Any CPU
		{AD779225-4564-4035-A97B-D0794B6F6729}.Release|x86.ActiveCfg = Release|Any CPU
		{AD779225-4564-4035-A97B-D0794B6F6729}.Release|x86.Build.0 = Release|Any CPU
		{F7A87497-3932-4550-AE61-CC570B2F4EF0}.Debug|Any CPU.ActiveCfg = Debug|Any CPU
		{F7A87497-3932-4550-AE61-CC570B2F4EF0}.Debug|Any CPU.Build.0 = Debug|Any CPU
		{F7A87497-3932-4550-AE61-CC570B2F4EF0}.Debug|x64.ActiveCfg = Debug|Any CPU
		{F7A87497-3932-4550-AE61-CC570B2F4EF0}.Debug|x64.Build.0 = Debug|Any CPU
		{F7A87497-3932-4550-AE61-CC570B2F4EF0}.Debug|x86.ActiveCfg = Debug|Any CPU
		{F7A87497-3932-4550-AE61-CC570B2F4EF0}.Debug|x86.Build.0 = Debug|Any CPU
		{F7A87497-3932-4550-AE61-CC570B2F4EF0}.Release|Any CPU.ActiveCfg = Release|Any CPU
		{F7A87497-3932-4550-AE61-CC570B2F4EF0}.Release|Any CPU.Build.0 = Release|Any CPU
		{F7A87497-3932-4550-AE61-CC570B2F4EF0}.Release|x64.ActiveCfg = Release|Any CPU
		{F7A87497-3932-4550-AE61-CC570B2F4EF0}.Release|x64.Build.0 = Release|Any CPU
		{F7A87497-3932-4550-AE61-CC570B2F4EF0}.Release|x86.ActiveCfg = Release|Any CPU
		{F7A87497-3932-4550-AE61-CC570B2F4EF0}.Release|x86.Build.0 = Release|Any CPU
		{EAE1D7EB-4161-43AA-8DF0-AB76B0EA8C4B}.Debug|Any CPU.ActiveCfg = Debug|Any CPU
		{EAE1D7EB-4161-43AA-8DF0-AB76B0EA8C4B}.Debug|Any CPU.Build.0 = Debug|Any CPU
		{EAE1D7EB-4161-43AA-8DF0-AB76B0EA8C4B}.Debug|x64.ActiveCfg = Debug|Any CPU
		{EAE1D7EB-4161-43AA-8DF0-AB76B0EA8C4B}.Debug|x64.Build.0 = Debug|Any CPU
		{EAE1D7EB-4161-43AA-8DF0-AB76B0EA8C4B}.Debug|x86.ActiveCfg = Debug|Any CPU
		{EAE1D7EB-4161-43AA-8DF0-AB76B0EA8C4B}.Debug|x86.Build.0 = Debug|Any CPU
		{EAE1D7EB-4161-43AA-8DF0-AB76B0EA8C4B}.Release|Any CPU.ActiveCfg = Release|Any CPU
		{EAE1D7EB-4161-43AA-8DF0-AB76B0EA8C4B}.Release|Any CPU.Build.0 = Release|Any CPU
		{EAE1D7EB-4161-43AA-8DF0-AB76B0EA8C4B}.Release|x64.ActiveCfg = Release|Any CPU
		{EAE1D7EB-4161-43AA-8DF0-AB76B0EA8C4B}.Release|x64.Build.0 = Release|Any CPU
		{EAE1D7EB-4161-43AA-8DF0-AB76B0EA8C4B}.Release|x86.ActiveCfg = Release|Any CPU
		{EAE1D7EB-4161-43AA-8DF0-AB76B0EA8C4B}.Release|x86.Build.0 = Release|Any CPU
		{60603659-4AD1-4F6E-9696-90445B03A34D}.Debug|Any CPU.ActiveCfg = Debug|Any CPU
		{60603659-4AD1-4F6E-9696-90445B03A34D}.Debug|Any CPU.Build.0 = Debug|Any CPU
		{60603659-4AD1-4F6E-9696-90445B03A34D}.Debug|x64.ActiveCfg = Debug|Any CPU
		{60603659-4AD1-4F6E-9696-90445B03A34D}.Debug|x64.Build.0 = Debug|Any CPU
		{60603659-4AD1-4F6E-9696-90445B03A34D}.Debug|x86.ActiveCfg = Debug|Any CPU
		{60603659-4AD1-4F6E-9696-90445B03A34D}.Debug|x86.Build.0 = Debug|Any CPU
		{60603659-4AD1-4F6E-9696-90445B03A34D}.Release|Any CPU.ActiveCfg = Release|Any CPU
		{60603659-4AD1-4F6E-9696-90445B03A34D}.Release|Any CPU.Build.0 = Release|Any CPU
		{60603659-4AD1-4F6E-9696-90445B03A34D}.Release|x64.ActiveCfg = Release|Any CPU
		{60603659-4AD1-4F6E-9696-90445B03A34D}.Release|x64.Build.0 = Release|Any CPU
		{60603659-4AD1-4F6E-9696-90445B03A34D}.Release|x86.ActiveCfg = Release|Any CPU
		{60603659-4AD1-4F6E-9696-90445B03A34D}.Release|x86.Build.0 = Release|Any CPU
		{01E9CA79-17B2-4305-A76C-F355ED44638E}.Debug|Any CPU.ActiveCfg = Debug|Any CPU
		{01E9CA79-17B2-4305-A76C-F355ED44638E}.Debug|Any CPU.Build.0 = Debug|Any CPU
		{01E9CA79-17B2-4305-A76C-F355ED44638E}.Debug|x64.ActiveCfg = Debug|Any CPU
		{01E9CA79-17B2-4305-A76C-F355ED44638E}.Debug|x64.Build.0 = Debug|Any CPU
		{01E9CA79-17B2-4305-A76C-F355ED44638E}.Debug|x86.ActiveCfg = Debug|Any CPU
		{01E9CA79-17B2-4305-A76C-F355ED44638E}.Debug|x86.Build.0 = Debug|Any CPU
		{01E9CA79-17B2-4305-A76C-F355ED44638E}.Release|Any CPU.ActiveCfg = Release|Any CPU
		{01E9CA79-17B2-4305-A76C-F355ED44638E}.Release|Any CPU.Build.0 = Release|Any CPU
		{01E9CA79-17B2-4305-A76C-F355ED44638E}.Release|x64.ActiveCfg = Release|Any CPU
		{01E9CA79-17B2-4305-A76C-F355ED44638E}.Release|x64.Build.0 = Release|Any CPU
		{01E9CA79-17B2-4305-A76C-F355ED44638E}.Release|x86.ActiveCfg = Release|Any CPU
		{01E9CA79-17B2-4305-A76C-F355ED44638E}.Release|x86.Build.0 = Release|Any CPU
		{5B49D9CE-84F9-44B6-9D80-484117237752}.Debug|Any CPU.ActiveCfg = Debug|Any CPU
		{5B49D9CE-84F9-44B6-9D80-484117237752}.Debug|Any CPU.Build.0 = Debug|Any CPU
		{5B49D9CE-84F9-44B6-9D80-484117237752}.Debug|x64.ActiveCfg = Debug|Any CPU
		{5B49D9CE-84F9-44B6-9D80-484117237752}.Debug|x64.Build.0 = Debug|Any CPU
		{5B49D9CE-84F9-44B6-9D80-484117237752}.Debug|x86.ActiveCfg = Debug|Any CPU
		{5B49D9CE-84F9-44B6-9D80-484117237752}.Debug|x86.Build.0 = Debug|Any CPU
		{5B49D9CE-84F9-44B6-9D80-484117237752}.Release|Any CPU.ActiveCfg = Release|Any CPU
		{5B49D9CE-84F9-44B6-9D80-484117237752}.Release|Any CPU.Build.0 = Release|Any CPU
		{5B49D9CE-84F9-44B6-9D80-484117237752}.Release|x64.ActiveCfg = Release|Any CPU
		{5B49D9CE-84F9-44B6-9D80-484117237752}.Release|x64.Build.0 = Release|Any CPU
		{5B49D9CE-84F9-44B6-9D80-484117237752}.Release|x86.ActiveCfg = Release|Any CPU
		{5B49D9CE-84F9-44B6-9D80-484117237752}.Release|x86.Build.0 = Release|Any CPU
		{AF2F813F-4EA2-4261-B9EA-554B4D78D712}.Debug|Any CPU.ActiveCfg = Debug|Any CPU
		{AF2F813F-4EA2-4261-B9EA-554B4D78D712}.Debug|Any CPU.Build.0 = Debug|Any CPU
		{AF2F813F-4EA2-4261-B9EA-554B4D78D712}.Debug|x64.ActiveCfg = Debug|Any CPU
		{AF2F813F-4EA2-4261-B9EA-554B4D78D712}.Debug|x64.Build.0 = Debug|Any CPU
		{AF2F813F-4EA2-4261-B9EA-554B4D78D712}.Debug|x86.ActiveCfg = Debug|Any CPU
		{AF2F813F-4EA2-4261-B9EA-554B4D78D712}.Debug|x86.Build.0 = Debug|Any CPU
		{AF2F813F-4EA2-4261-B9EA-554B4D78D712}.Release|Any CPU.ActiveCfg = Release|Any CPU
		{AF2F813F-4EA2-4261-B9EA-554B4D78D712}.Release|Any CPU.Build.0 = Release|Any CPU
		{AF2F813F-4EA2-4261-B9EA-554B4D78D712}.Release|x64.ActiveCfg = Release|Any CPU
		{AF2F813F-4EA2-4261-B9EA-554B4D78D712}.Release|x64.Build.0 = Release|Any CPU
		{AF2F813F-4EA2-4261-B9EA-554B4D78D712}.Release|x86.ActiveCfg = Release|Any CPU
		{AF2F813F-4EA2-4261-B9EA-554B4D78D712}.Release|x86.Build.0 = Release|Any CPU
		{F48D56D8-57B0-4C16-AF5B-C6459E1143AE}.Debug|Any CPU.ActiveCfg = Debug|Any CPU
		{F48D56D8-57B0-4C16-AF5B-C6459E1143AE}.Debug|Any CPU.Build.0 = Debug|Any CPU
		{F48D56D8-57B0-4C16-AF5B-C6459E1143AE}.Debug|x64.ActiveCfg = Debug|Any CPU
		{F48D56D8-57B0-4C16-AF5B-C6459E1143AE}.Debug|x64.Build.0 = Debug|Any CPU
		{F48D56D8-57B0-4C16-AF5B-C6459E1143AE}.Debug|x86.ActiveCfg = Debug|Any CPU
		{F48D56D8-57B0-4C16-AF5B-C6459E1143AE}.Debug|x86.Build.0 = Debug|Any CPU
		{F48D56D8-57B0-4C16-AF5B-C6459E1143AE}.Release|Any CPU.ActiveCfg = Release|Any CPU
		{F48D56D8-57B0-4C16-AF5B-C6459E1143AE}.Release|Any CPU.Build.0 = Release|Any CPU
		{F48D56D8-57B0-4C16-AF5B-C6459E1143AE}.Release|x64.ActiveCfg = Release|Any CPU
		{F48D56D8-57B0-4C16-AF5B-C6459E1143AE}.Release|x64.Build.0 = Release|Any CPU
		{F48D56D8-57B0-4C16-AF5B-C6459E1143AE}.Release|x86.ActiveCfg = Release|Any CPU
		{F48D56D8-57B0-4C16-AF5B-C6459E1143AE}.Release|x86.Build.0 = Release|Any CPU
		{1C905736-A2B2-486E-9355-0FF57956313D}.Debug|Any CPU.ActiveCfg = Debug|Any CPU
		{1C905736-A2B2-486E-9355-0FF57956313D}.Debug|Any CPU.Build.0 = Debug|Any CPU
		{1C905736-A2B2-486E-9355-0FF57956313D}.Debug|x64.ActiveCfg = Debug|Any CPU
		{1C905736-A2B2-486E-9355-0FF57956313D}.Debug|x64.Build.0 = Debug|Any CPU
		{1C905736-A2B2-486E-9355-0FF57956313D}.Debug|x86.ActiveCfg = Debug|Any CPU
		{1C905736-A2B2-486E-9355-0FF57956313D}.Debug|x86.Build.0 = Debug|Any CPU
		{1C905736-A2B2-486E-9355-0FF57956313D}.Release|Any CPU.ActiveCfg = Release|Any CPU
		{1C905736-A2B2-486E-9355-0FF57956313D}.Release|Any CPU.Build.0 = Release|Any CPU
		{1C905736-A2B2-486E-9355-0FF57956313D}.Release|x64.ActiveCfg = Release|Any CPU
		{1C905736-A2B2-486E-9355-0FF57956313D}.Release|x64.Build.0 = Release|Any CPU
		{1C905736-A2B2-486E-9355-0FF57956313D}.Release|x86.ActiveCfg = Release|Any CPU
		{1C905736-A2B2-486E-9355-0FF57956313D}.Release|x86.Build.0 = Release|Any CPU
		{69C5DDD7-869A-44A0-958B-1EACA9E35D67}.Debug|Any CPU.ActiveCfg = Debug|Any CPU
		{69C5DDD7-869A-44A0-958B-1EACA9E35D67}.Debug|Any CPU.Build.0 = Debug|Any CPU
		{69C5DDD7-869A-44A0-958B-1EACA9E35D67}.Debug|x64.ActiveCfg = Debug|Any CPU
		{69C5DDD7-869A-44A0-958B-1EACA9E35D67}.Debug|x64.Build.0 = Debug|Any CPU
		{69C5DDD7-869A-44A0-958B-1EACA9E35D67}.Debug|x86.ActiveCfg = Debug|Any CPU
		{69C5DDD7-869A-44A0-958B-1EACA9E35D67}.Debug|x86.Build.0 = Debug|Any CPU
		{69C5DDD7-869A-44A0-958B-1EACA9E35D67}.Release|Any CPU.ActiveCfg = Release|Any CPU
		{69C5DDD7-869A-44A0-958B-1EACA9E35D67}.Release|Any CPU.Build.0 = Release|Any CPU
		{69C5DDD7-869A-44A0-958B-1EACA9E35D67}.Release|x64.ActiveCfg = Release|Any CPU
		{69C5DDD7-869A-44A0-958B-1EACA9E35D67}.Release|x64.Build.0 = Release|Any CPU
		{69C5DDD7-869A-44A0-958B-1EACA9E35D67}.Release|x86.ActiveCfg = Release|Any CPU
		{69C5DDD7-869A-44A0-958B-1EACA9E35D67}.Release|x86.Build.0 = Release|Any CPU
		{A9D2FC4B-143F-45F5-BB3F-336CFF7A6986}.Debug|Any CPU.ActiveCfg = Debug|Any CPU
		{A9D2FC4B-143F-45F5-BB3F-336CFF7A6986}.Debug|Any CPU.Build.0 = Debug|Any CPU
		{A9D2FC4B-143F-45F5-BB3F-336CFF7A6986}.Debug|x64.ActiveCfg = Debug|Any CPU
		{A9D2FC4B-143F-45F5-BB3F-336CFF7A6986}.Debug|x64.Build.0 = Debug|Any CPU
		{A9D2FC4B-143F-45F5-BB3F-336CFF7A6986}.Debug|x86.ActiveCfg = Debug|Any CPU
		{A9D2FC4B-143F-45F5-BB3F-336CFF7A6986}.Debug|x86.Build.0 = Debug|Any CPU
		{A9D2FC4B-143F-45F5-BB3F-336CFF7A6986}.Release|Any CPU.ActiveCfg = Release|Any CPU
		{A9D2FC4B-143F-45F5-BB3F-336CFF7A6986}.Release|Any CPU.Build.0 = Release|Any CPU
		{A9D2FC4B-143F-45F5-BB3F-336CFF7A6986}.Release|x64.ActiveCfg = Release|Any CPU
		{A9D2FC4B-143F-45F5-BB3F-336CFF7A6986}.Release|x64.Build.0 = Release|Any CPU
		{A9D2FC4B-143F-45F5-BB3F-336CFF7A6986}.Release|x86.ActiveCfg = Release|Any CPU
		{A9D2FC4B-143F-45F5-BB3F-336CFF7A6986}.Release|x86.Build.0 = Release|Any CPU
		{23578D7D-AA7A-4536-B030-69630EF9E8EC}.Debug|Any CPU.ActiveCfg = Debug|Any CPU
		{23578D7D-AA7A-4536-B030-69630EF9E8EC}.Debug|Any CPU.Build.0 = Debug|Any CPU
		{23578D7D-AA7A-4536-B030-69630EF9E8EC}.Debug|x64.ActiveCfg = Debug|Any CPU
		{23578D7D-AA7A-4536-B030-69630EF9E8EC}.Debug|x64.Build.0 = Debug|Any CPU
		{23578D7D-AA7A-4536-B030-69630EF9E8EC}.Debug|x86.ActiveCfg = Debug|Any CPU
		{23578D7D-AA7A-4536-B030-69630EF9E8EC}.Debug|x86.Build.0 = Debug|Any CPU
		{23578D7D-AA7A-4536-B030-69630EF9E8EC}.Release|Any CPU.ActiveCfg = Release|Any CPU
		{23578D7D-AA7A-4536-B030-69630EF9E8EC}.Release|Any CPU.Build.0 = Release|Any CPU
		{23578D7D-AA7A-4536-B030-69630EF9E8EC}.Release|x64.ActiveCfg = Release|Any CPU
		{23578D7D-AA7A-4536-B030-69630EF9E8EC}.Release|x64.Build.0 = Release|Any CPU
		{23578D7D-AA7A-4536-B030-69630EF9E8EC}.Release|x86.ActiveCfg = Release|Any CPU
		{23578D7D-AA7A-4536-B030-69630EF9E8EC}.Release|x86.Build.0 = Release|Any CPU
		{BB3C9E3E-13DD-4CBD-919E-2BE0B7413410}.Debug|Any CPU.ActiveCfg = Debug|Any CPU
		{BB3C9E3E-13DD-4CBD-919E-2BE0B7413410}.Debug|Any CPU.Build.0 = Debug|Any CPU
		{BB3C9E3E-13DD-4CBD-919E-2BE0B7413410}.Debug|x64.ActiveCfg = Debug|Any CPU
		{BB3C9E3E-13DD-4CBD-919E-2BE0B7413410}.Debug|x64.Build.0 = Debug|Any CPU
		{BB3C9E3E-13DD-4CBD-919E-2BE0B7413410}.Debug|x86.ActiveCfg = Debug|Any CPU
		{BB3C9E3E-13DD-4CBD-919E-2BE0B7413410}.Debug|x86.Build.0 = Debug|Any CPU
		{BB3C9E3E-13DD-4CBD-919E-2BE0B7413410}.Release|Any CPU.ActiveCfg = Release|Any CPU
		{BB3C9E3E-13DD-4CBD-919E-2BE0B7413410}.Release|Any CPU.Build.0 = Release|Any CPU
		{BB3C9E3E-13DD-4CBD-919E-2BE0B7413410}.Release|x64.ActiveCfg = Release|Any CPU
		{BB3C9E3E-13DD-4CBD-919E-2BE0B7413410}.Release|x64.Build.0 = Release|Any CPU
		{BB3C9E3E-13DD-4CBD-919E-2BE0B7413410}.Release|x86.ActiveCfg = Release|Any CPU
		{BB3C9E3E-13DD-4CBD-919E-2BE0B7413410}.Release|x86.Build.0 = Release|Any CPU
		{5E4033AA-312A-4D69-94F0-1623E7ED8968}.Debug|Any CPU.ActiveCfg = Debug|Any CPU
		{5E4033AA-312A-4D69-94F0-1623E7ED8968}.Debug|Any CPU.Build.0 = Debug|Any CPU
		{5E4033AA-312A-4D69-94F0-1623E7ED8968}.Debug|x64.ActiveCfg = Debug|Any CPU
		{5E4033AA-312A-4D69-94F0-1623E7ED8968}.Debug|x64.Build.0 = Debug|Any CPU
		{5E4033AA-312A-4D69-94F0-1623E7ED8968}.Debug|x86.ActiveCfg = Debug|Any CPU
		{5E4033AA-312A-4D69-94F0-1623E7ED8968}.Debug|x86.Build.0 = Debug|Any CPU
		{5E4033AA-312A-4D69-94F0-1623E7ED8968}.Release|Any CPU.ActiveCfg = Release|Any CPU
		{5E4033AA-312A-4D69-94F0-1623E7ED8968}.Release|Any CPU.Build.0 = Release|Any CPU
		{5E4033AA-312A-4D69-94F0-1623E7ED8968}.Release|x64.ActiveCfg = Release|Any CPU
		{5E4033AA-312A-4D69-94F0-1623E7ED8968}.Release|x64.Build.0 = Release|Any CPU
		{5E4033AA-312A-4D69-94F0-1623E7ED8968}.Release|x86.ActiveCfg = Release|Any CPU
		{5E4033AA-312A-4D69-94F0-1623E7ED8968}.Release|x86.Build.0 = Release|Any CPU
		{62E9629E-49B8-4022-8F9C-B3D3875FF109}.Debug|Any CPU.ActiveCfg = Debug|Any CPU
		{62E9629E-49B8-4022-8F9C-B3D3875FF109}.Debug|Any CPU.Build.0 = Debug|Any CPU
		{62E9629E-49B8-4022-8F9C-B3D3875FF109}.Debug|x64.ActiveCfg = Debug|Any CPU
		{62E9629E-49B8-4022-8F9C-B3D3875FF109}.Debug|x64.Build.0 = Debug|Any CPU
		{62E9629E-49B8-4022-8F9C-B3D3875FF109}.Debug|x86.ActiveCfg = Debug|Any CPU
		{62E9629E-49B8-4022-8F9C-B3D3875FF109}.Debug|x86.Build.0 = Debug|Any CPU
		{62E9629E-49B8-4022-8F9C-B3D3875FF109}.Release|Any CPU.ActiveCfg = Release|Any CPU
		{62E9629E-49B8-4022-8F9C-B3D3875FF109}.Release|Any CPU.Build.0 = Release|Any CPU
		{62E9629E-49B8-4022-8F9C-B3D3875FF109}.Release|x64.ActiveCfg = Release|Any CPU
		{62E9629E-49B8-4022-8F9C-B3D3875FF109}.Release|x64.Build.0 = Release|Any CPU
		{62E9629E-49B8-4022-8F9C-B3D3875FF109}.Release|x86.ActiveCfg = Release|Any CPU
		{62E9629E-49B8-4022-8F9C-B3D3875FF109}.Release|x86.Build.0 = Release|Any CPU
		{DF8CF8D1-2396-44E4-9E0C-9B42F08BA9C0}.Debug|Any CPU.ActiveCfg = Debug|Any CPU
		{DF8CF8D1-2396-44E4-9E0C-9B42F08BA9C0}.Debug|Any CPU.Build.0 = Debug|Any CPU
		{DF8CF8D1-2396-44E4-9E0C-9B42F08BA9C0}.Debug|x64.ActiveCfg = Debug|Any CPU
		{DF8CF8D1-2396-44E4-9E0C-9B42F08BA9C0}.Debug|x64.Build.0 = Debug|Any CPU
		{DF8CF8D1-2396-44E4-9E0C-9B42F08BA9C0}.Debug|x86.ActiveCfg = Debug|Any CPU
		{DF8CF8D1-2396-44E4-9E0C-9B42F08BA9C0}.Debug|x86.Build.0 = Debug|Any CPU
		{DF8CF8D1-2396-44E4-9E0C-9B42F08BA9C0}.Release|Any CPU.ActiveCfg = Release|Any CPU
		{DF8CF8D1-2396-44E4-9E0C-9B42F08BA9C0}.Release|Any CPU.Build.0 = Release|Any CPU
		{DF8CF8D1-2396-44E4-9E0C-9B42F08BA9C0}.Release|x64.ActiveCfg = Release|Any CPU
		{DF8CF8D1-2396-44E4-9E0C-9B42F08BA9C0}.Release|x64.Build.0 = Release|Any CPU
		{DF8CF8D1-2396-44E4-9E0C-9B42F08BA9C0}.Release|x86.ActiveCfg = Release|Any CPU
		{DF8CF8D1-2396-44E4-9E0C-9B42F08BA9C0}.Release|x86.Build.0 = Release|Any CPU
		{8D811607-1EFD-4FCA-9DAE-BB66893AB029}.Debug|Any CPU.ActiveCfg = Debug|Any CPU
		{8D811607-1EFD-4FCA-9DAE-BB66893AB029}.Debug|Any CPU.Build.0 = Debug|Any CPU
		{8D811607-1EFD-4FCA-9DAE-BB66893AB029}.Debug|x64.ActiveCfg = Debug|Any CPU
		{8D811607-1EFD-4FCA-9DAE-BB66893AB029}.Debug|x64.Build.0 = Debug|Any CPU
		{8D811607-1EFD-4FCA-9DAE-BB66893AB029}.Debug|x86.ActiveCfg = Debug|Any CPU
		{8D811607-1EFD-4FCA-9DAE-BB66893AB029}.Debug|x86.Build.0 = Debug|Any CPU
		{8D811607-1EFD-4FCA-9DAE-BB66893AB029}.Release|Any CPU.ActiveCfg = Release|Any CPU
		{8D811607-1EFD-4FCA-9DAE-BB66893AB029}.Release|Any CPU.Build.0 = Release|Any CPU
		{8D811607-1EFD-4FCA-9DAE-BB66893AB029}.Release|x64.ActiveCfg = Release|Any CPU
		{8D811607-1EFD-4FCA-9DAE-BB66893AB029}.Release|x64.Build.0 = Release|Any CPU
		{8D811607-1EFD-4FCA-9DAE-BB66893AB029}.Release|x86.ActiveCfg = Release|Any CPU
		{8D811607-1EFD-4FCA-9DAE-BB66893AB029}.Release|x86.Build.0 = Release|Any CPU
		{96F5D532-D6D7-4062-BEBA-05582470938E}.Debug|Any CPU.ActiveCfg = Debug|Any CPU
		{96F5D532-D6D7-4062-BEBA-05582470938E}.Debug|Any CPU.Build.0 = Debug|Any CPU
		{96F5D532-D6D7-4062-BEBA-05582470938E}.Debug|x64.ActiveCfg = Debug|Any CPU
		{96F5D532-D6D7-4062-BEBA-05582470938E}.Debug|x64.Build.0 = Debug|Any CPU
		{96F5D532-D6D7-4062-BEBA-05582470938E}.Debug|x86.ActiveCfg = Debug|Any CPU
		{96F5D532-D6D7-4062-BEBA-05582470938E}.Debug|x86.Build.0 = Debug|Any CPU
		{96F5D532-D6D7-4062-BEBA-05582470938E}.Release|Any CPU.ActiveCfg = Release|Any CPU
		{96F5D532-D6D7-4062-BEBA-05582470938E}.Release|Any CPU.Build.0 = Release|Any CPU
		{96F5D532-D6D7-4062-BEBA-05582470938E}.Release|x64.ActiveCfg = Release|Any CPU
		{96F5D532-D6D7-4062-BEBA-05582470938E}.Release|x64.Build.0 = Release|Any CPU
		{96F5D532-D6D7-4062-BEBA-05582470938E}.Release|x86.ActiveCfg = Release|Any CPU
		{96F5D532-D6D7-4062-BEBA-05582470938E}.Release|x86.Build.0 = Release|Any CPU
		{95F4B7E5-C523-43F8-9AC3-D60924FE35F0}.Debug|Any CPU.ActiveCfg = Debug|Any CPU
		{95F4B7E5-C523-43F8-9AC3-D60924FE35F0}.Debug|Any CPU.Build.0 = Debug|Any CPU
		{95F4B7E5-C523-43F8-9AC3-D60924FE35F0}.Debug|x64.ActiveCfg = Debug|Any CPU
		{95F4B7E5-C523-43F8-9AC3-D60924FE35F0}.Debug|x64.Build.0 = Debug|Any CPU
		{95F4B7E5-C523-43F8-9AC3-D60924FE35F0}.Debug|x86.ActiveCfg = Debug|Any CPU
		{95F4B7E5-C523-43F8-9AC3-D60924FE35F0}.Debug|x86.Build.0 = Debug|Any CPU
		{95F4B7E5-C523-43F8-9AC3-D60924FE35F0}.Release|Any CPU.ActiveCfg = Release|Any CPU
		{95F4B7E5-C523-43F8-9AC3-D60924FE35F0}.Release|Any CPU.Build.0 = Release|Any CPU
		{95F4B7E5-C523-43F8-9AC3-D60924FE35F0}.Release|x64.ActiveCfg = Release|Any CPU
		{95F4B7E5-C523-43F8-9AC3-D60924FE35F0}.Release|x64.Build.0 = Release|Any CPU
		{95F4B7E5-C523-43F8-9AC3-D60924FE35F0}.Release|x86.ActiveCfg = Release|Any CPU
		{95F4B7E5-C523-43F8-9AC3-D60924FE35F0}.Release|x86.Build.0 = Release|Any CPU
		{07F6CFAF-8567-4D17-A41B-CD71064F0FC8}.Debug|Any CPU.ActiveCfg = Debug|Any CPU
		{07F6CFAF-8567-4D17-A41B-CD71064F0FC8}.Debug|Any CPU.Build.0 = Debug|Any CPU
		{07F6CFAF-8567-4D17-A41B-CD71064F0FC8}.Debug|x64.ActiveCfg = Debug|Any CPU
		{07F6CFAF-8567-4D17-A41B-CD71064F0FC8}.Debug|x64.Build.0 = Debug|Any CPU
		{07F6CFAF-8567-4D17-A41B-CD71064F0FC8}.Debug|x86.ActiveCfg = Debug|Any CPU
		{07F6CFAF-8567-4D17-A41B-CD71064F0FC8}.Debug|x86.Build.0 = Debug|Any CPU
		{07F6CFAF-8567-4D17-A41B-CD71064F0FC8}.Release|Any CPU.ActiveCfg = Release|Any CPU
		{07F6CFAF-8567-4D17-A41B-CD71064F0FC8}.Release|Any CPU.Build.0 = Release|Any CPU
		{07F6CFAF-8567-4D17-A41B-CD71064F0FC8}.Release|x64.ActiveCfg = Release|Any CPU
		{07F6CFAF-8567-4D17-A41B-CD71064F0FC8}.Release|x64.Build.0 = Release|Any CPU
		{07F6CFAF-8567-4D17-A41B-CD71064F0FC8}.Release|x86.ActiveCfg = Release|Any CPU
		{07F6CFAF-8567-4D17-A41B-CD71064F0FC8}.Release|x86.Build.0 = Release|Any CPU
		{629E9AA4-4678-472B-9748-55344C8D508B}.Debug|Any CPU.ActiveCfg = Debug|Any CPU
		{629E9AA4-4678-472B-9748-55344C8D508B}.Debug|Any CPU.Build.0 = Debug|Any CPU
		{629E9AA4-4678-472B-9748-55344C8D508B}.Debug|x64.ActiveCfg = Debug|Any CPU
		{629E9AA4-4678-472B-9748-55344C8D508B}.Debug|x64.Build.0 = Debug|Any CPU
		{629E9AA4-4678-472B-9748-55344C8D508B}.Debug|x86.ActiveCfg = Debug|Any CPU
		{629E9AA4-4678-472B-9748-55344C8D508B}.Debug|x86.Build.0 = Debug|Any CPU
		{629E9AA4-4678-472B-9748-55344C8D508B}.Release|Any CPU.ActiveCfg = Release|Any CPU
		{629E9AA4-4678-472B-9748-55344C8D508B}.Release|Any CPU.Build.0 = Release|Any CPU
		{629E9AA4-4678-472B-9748-55344C8D508B}.Release|x64.ActiveCfg = Release|Any CPU
		{629E9AA4-4678-472B-9748-55344C8D508B}.Release|x64.Build.0 = Release|Any CPU
		{629E9AA4-4678-472B-9748-55344C8D508B}.Release|x86.ActiveCfg = Release|Any CPU
		{629E9AA4-4678-472B-9748-55344C8D508B}.Release|x86.Build.0 = Release|Any CPU
		{A0AA3497-AE87-404C-857B-FE358C723E11}.Debug|Any CPU.ActiveCfg = Debug|Any CPU
		{A0AA3497-AE87-404C-857B-FE358C723E11}.Debug|Any CPU.Build.0 = Debug|Any CPU
		{A0AA3497-AE87-404C-857B-FE358C723E11}.Debug|x64.ActiveCfg = Debug|Any CPU
		{A0AA3497-AE87-404C-857B-FE358C723E11}.Debug|x64.Build.0 = Debug|Any CPU
		{A0AA3497-AE87-404C-857B-FE358C723E11}.Debug|x86.ActiveCfg = Debug|Any CPU
		{A0AA3497-AE87-404C-857B-FE358C723E11}.Debug|x86.Build.0 = Debug|Any CPU
		{A0AA3497-AE87-404C-857B-FE358C723E11}.Release|Any CPU.ActiveCfg = Release|Any CPU
		{A0AA3497-AE87-404C-857B-FE358C723E11}.Release|Any CPU.Build.0 = Release|Any CPU
		{A0AA3497-AE87-404C-857B-FE358C723E11}.Release|x64.ActiveCfg = Release|Any CPU
		{A0AA3497-AE87-404C-857B-FE358C723E11}.Release|x64.Build.0 = Release|Any CPU
		{A0AA3497-AE87-404C-857B-FE358C723E11}.Release|x86.ActiveCfg = Release|Any CPU
		{A0AA3497-AE87-404C-857B-FE358C723E11}.Release|x86.Build.0 = Release|Any CPU
	EndGlobalSection
	GlobalSection(SolutionProperties) = preSolution
		HideSolutionNode = FALSE
	EndGlobalSection
	GlobalSection(NestedProjects) = preSolution
		{6306A8FB-679E-111F-6585-8F70E0EE6013} = {827E0CD3-B72D-47B6-A68D-7590B98EB39B}
		{20A9F3BA-C3A9-441A-8A97-52FF31802587} = {6306A8FB-679E-111F-6585-8F70E0EE6013}
		{C8E42992-5E42-0C2B-DBFE-AA848D06431C} = {827E0CD3-B72D-47B6-A68D-7590B98EB39B}
		{AD779225-4564-4035-A97B-D0794B6F6729} = {C8E42992-5E42-0C2B-DBFE-AA848D06431C}
		{984BB9B3-3FA3-BE33-9484-CAC21695A33C} = {827E0CD3-B72D-47B6-A68D-7590B98EB39B}
		{1BFC9479-12BF-35C3-06B8-42D89D95092B} = {984BB9B3-3FA3-BE33-9484-CAC21695A33C}
		{F7A87497-3932-4550-AE61-CC570B2F4EF0} = {1BFC9479-12BF-35C3-06B8-42D89D95092B}
		{EAE1D7EB-4161-43AA-8DF0-AB76B0EA8C4B} = {1BFC9479-12BF-35C3-06B8-42D89D95092B}
		{60603659-4AD1-4F6E-9696-90445B03A34D} = {1BFC9479-12BF-35C3-06B8-42D89D95092B}
		{01E9CA79-17B2-4305-A76C-F355ED44638E} = {1BFC9479-12BF-35C3-06B8-42D89D95092B}
		{CA15E31E-CB60-F235-5CDF-2E527A86A72C} = {984BB9B3-3FA3-BE33-9484-CAC21695A33C}
		{5B49D9CE-84F9-44B6-9D80-484117237752} = {CA15E31E-CB60-F235-5CDF-2E527A86A72C}
		{AF2F813F-4EA2-4261-B9EA-554B4D78D712} = {CA15E31E-CB60-F235-5CDF-2E527A86A72C}
		{F48D56D8-57B0-4C16-AF5B-C6459E1143AE} = {CA15E31E-CB60-F235-5CDF-2E527A86A72C}
		{1C905736-A2B2-486E-9355-0FF57956313D} = {CA15E31E-CB60-F235-5CDF-2E527A86A72C}
		{4C902802-2FC6-EF27-4074-A21717AF62F0} = {984BB9B3-3FA3-BE33-9484-CAC21695A33C}
		{69C5DDD7-869A-44A0-958B-1EACA9E35D67} = {4C902802-2FC6-EF27-4074-A21717AF62F0}
		{A9D2FC4B-143F-45F5-BB3F-336CFF7A6986} = {4C902802-2FC6-EF27-4074-A21717AF62F0}
		{23578D7D-AA7A-4536-B030-69630EF9E8EC} = {4C902802-2FC6-EF27-4074-A21717AF62F0}
		{BB3C9E3E-13DD-4CBD-919E-2BE0B7413410} = {4C902802-2FC6-EF27-4074-A21717AF62F0}
		{875CD587-DE2F-08EE-74FB-D6BE4E474EF3} = {0AB3BF05-4346-4AA6-1389-037BE0695223}
		{5E4033AA-312A-4D69-94F0-1623E7ED8968} = {875CD587-DE2F-08EE-74FB-D6BE4E474EF3}
		{391CE2F5-AE47-7A9A-F474-4847BE99435E} = {0AB3BF05-4346-4AA6-1389-037BE0695223}
		{62E9629E-49B8-4022-8F9C-B3D3875FF109} = {391CE2F5-AE47-7A9A-F474-4847BE99435E}
		{DF8CF8D1-2396-44E4-9E0C-9B42F08BA9C0} = {391CE2F5-AE47-7A9A-F474-4847BE99435E}
		{01DBE0A7-B8FA-09F1-6BF1-F187B4EB9912} = {0AB3BF05-4346-4AA6-1389-037BE0695223}
		{8D811607-1EFD-4FCA-9DAE-BB66893AB029} = {01DBE0A7-B8FA-09F1-6BF1-F187B4EB9912}
		{96F5D532-D6D7-4062-BEBA-05582470938E} = {01DBE0A7-B8FA-09F1-6BF1-F187B4EB9912}
		{3AE726D9-9BD3-BEE8-46D1-20EC990AE058} = {0AB3BF05-4346-4AA6-1389-037BE0695223}
		{95F4B7E5-C523-43F8-9AC3-D60924FE35F0} = {3AE726D9-9BD3-BEE8-46D1-20EC990AE058}
		{07F6CFAF-8567-4D17-A41B-CD71064F0FC8} = {3AE726D9-9BD3-BEE8-46D1-20EC990AE058}
		{3191EEA6-45BC-009D-9AD5-83F4A8B4D7F9} = {0AB3BF05-4346-4AA6-1389-037BE0695223}
		{629E9AA4-4678-472B-9748-55344C8D508B} = {3191EEA6-45BC-009D-9AD5-83F4A8B4D7F9}
		{D0D6B8B0-AC35-B3FA-0B96-A9B0E4A3253E} = {0AB3BF05-4346-4AA6-1389-037BE0695223}
		{A0AA3497-AE87-404C-857B-FE358C723E11} = {D0D6B8B0-AC35-B3FA-0B96-A9B0E4A3253E}
	EndGlobalSection
EndGlobal
